
Microsoft Visual Studio Solution File, Format Version 12.00
# Visual Studio Version 17
VisualStudioVersion = 17.2.32519.379
MinimumVisualStudioVersion = 10.0.40219.1
Project("{FAE04EC0-301F-11D3-BF4B-00C04F79EFBC}") = "TootedAB", "TootedAB\TootedAB.csproj", "{E0B0BF9F-E857-4EC1-8D95-EA6E3BBE1A66}"
EndProject
Global
	GlobalSection(SolutionConfigurationPlatforms) = preSolution
		Debug|Any CPU = Debug|Any CPU
		Release|Any CPU = Release|Any CPU
	EndGlobalSection
	GlobalSection(ProjectConfigurationPlatforms) = postSolution
		{E0B0BF9F-E857-4EC1-8D95-EA6E3BBE1A66}.Debug|Any CPU.ActiveCfg = Debug|Any CPU
		{E0B0BF9F-E857-4EC1-8D95-EA6E3BBE1A66}.Debug|Any CPU.Build.0 = Debug|Any CPU
		{E0B0BF9F-E857-4EC1-8D95-EA6E3BBE1A66}.Release|Any CPU.ActiveCfg = Release|Any CPU
		{E0B0BF9F-E857-4EC1-8D95-EA6E3BBE1A66}.Release|Any CPU.Build.0 = Release|Any CPU
	EndGlobalSection
	GlobalSection(SolutionProperties) = preSolution
		HideSolutionNode = FALSE
	EndGlobalSection
	GlobalSection(ExtensibilityGlobals) = postSolution
		SolutionGuid = {B11D8CE5-052E-462D-BDA4-B090BAB9B427}
	EndGlobalSection
EndGlobal
